
Microsoft Visual Studio Solution File, Format Version 12.00
# Visual Studio Version 16
VisualStudioVersion = 16.0.29709.97
MinimumVisualStudioVersion = 10.0.40219.1
Project("{FAE04EC0-301F-11D3-BF4B-00C04F79EFBC}") = "FunWithAspNetCoreRouting.Api", "FunWithAspNetCoreRouting\FunWithAspNetCoreRouting.Api.csproj", "{0A4422A4-DE95-4B6C-B351-2746A5B1DF27}"
EndProject
Project("{FAE04EC0-301F-11D3-BF4B-00C04F79EFBC}") = "FunWithAspNetCoreRouting.Domain", "FunWithAspNetCoreRouting.Domain\FunWithAspNetCoreRouting.Domain.csproj", "{C083A146-C964-4BD6-88E7-B3170AE051AD}"
EndProject
Project("{FAE04EC0-301F-11D3-BF4B-00C04F79EFBC}") = "FunWithAspNetCoreRouting.Services", "FunWithAspNetCoreRouting.Services\FunWithAspNetCoreRouting.Services.csproj", "{A01095E2-9993-420C-A470-B0AEE03CFFEF}"
EndProject
Global
	GlobalSection(SolutionConfigurationPlatforms) = preSolution
		Debug|Any CPU = Debug|Any CPU
		Release|Any CPU = Release|Any CPU
	EndGlobalSection
	GlobalSection(ProjectConfigurationPlatforms) = postSolution
		{0A4422A4-DE95-4B6C-B351-2746A5B1DF27}.Debug|Any CPU.ActiveCfg = Debug|Any CPU
		{0A4422A4-DE95-4B6C-B351-2746A5B1DF27}.Debug|Any CPU.Build.0 = Debug|Any CPU
		{0A4422A4-DE95-4B6C-B351-2746A5B1DF27}.Release|Any CPU.ActiveCfg = Release|Any CPU
		{0A4422A4-DE95-4B6C-B351-2746A5B1DF27}.Release|Any CPU.Build.0 = Release|Any CPU
		{C083A146-C964-4BD6-88E7-B3170AE051AD}.Debug|Any CPU.ActiveCfg = Debug|Any CPU
		{C083A146-C964-4BD6-88E7-B3170AE051AD}.Debug|Any CPU.Build.0 = Debug|Any CPU
		{C083A146-C964-4BD6-88E7-B3170AE051AD}.Release|Any CPU.ActiveCfg = Release|Any CPU
		{C083A146-C964-4BD6-88E7-B3170AE051AD}.Release|Any CPU.Build.0 = Release|Any CPU
		{A01095E2-9993-420C-A470-B0AEE03CFFEF}.Debug|Any CPU.ActiveCfg = Debug|Any CPU
		{A01095E2-9993-420C-A470-B0AEE03CFFEF}.Debug|Any CPU.Build.0 = Debug|Any CPU
		{A01095E2-9993-420C-A470-B0AEE03CFFEF}.Release|Any CPU.ActiveCfg = Release|Any CPU
		{A01095E2-9993-420C-A470-B0AEE03CFFEF}.Release|Any CPU.Build.0 = Release|Any CPU
	EndGlobalSection
	GlobalSection(SolutionProperties) = preSolution
		HideSolutionNode = FALSE
	EndGlobalSection
	GlobalSection(ExtensibilityGlobals) = postSolution
		SolutionGuid = {4BA0AAE3-A27F-411E-BD1C-2F50D1B919FB}
	EndGlobalSection
EndGlobal
